<Solution>
  <Project Path="BykStudio.API/BykStudio.API.csproj" />
  <Project Path="BykStudio.data/BykStudio.data.csproj" />
  <Project Path="BykStudio.Web/BykStudio.Web.csproj" Id="d70d555e-26d1-4bb5-9d19-24fd4ab84b15" />
  <Project Path="BykStudio/BykStudio.csproj" Id="2c7af5ad-7dfb-4f30-8d58-86a5dea92eb0" />
</Solution>
